
Microsoft Visual Studio Solution File, Format Version 12.00
# Visual Studio 15
VisualStudioVersion = 15.0.27703.2026
MinimumVisualStudioVersion = 10.0.40219.1
Project("{2150E333-8FDC-42A3-9474-1A3956D46DE8}") = "src", "src", "{BA641F19-B9ED-49C0-9888-27B0C2DC0F05}"
EndProject
Project("{FAE04EC0-301F-11D3-BF4B-00C04F79EFBC}") = "Pipelines", "src\Pipelines\Pipelines.csproj", "{76A305B9-CD9E-425C-A532-1EC43191D933}"
EndProject
Project("{2150E333-8FDC-42A3-9474-1A3956D46DE8}") = "tests", "tests", "{2E3BFBDC-D98C-470C-A979-E0C237DD69AC}"
EndProject
Project("{FAE04EC0-301F-11D3-BF4B-00C04F79EFBC}") = "Pipelines.Tests", "tests\Pipelines.Tests\Pipelines.Tests.csproj", "{08830AE5-0347-49F9-BE44-D74AEDFA7927}"
EndProject
Project("{2150E333-8FDC-42A3-9474-1A3956D46DE8}") = "Solution Items", "Solution Items", "{4D984A85-D0AD-4222-BC2C-2664ED9AF6FD}"
	ProjectSection(SolutionItems) = preProject
		.gitattributes = .gitattributes
		.gitignore = .gitignore
		appveyor.yml = appveyor.yml
		build.cake = build.cake
		build.ps1 = build.ps1
		LICENSE = LICENSE
		Logo.png = Logo.png
	EndProjectSection
EndProject
Global
	GlobalSection(SolutionConfigurationPlatforms) = preSolution
		Debug|Any CPU = Debug|Any CPU
		Release|Any CPU = Release|Any CPU
	EndGlobalSection
	GlobalSection(ProjectConfigurationPlatforms) = postSolution
		{76A305B9-CD9E-425C-A532-1EC43191D933}.Debug|Any CPU.ActiveCfg = Debug|Any CPU
		{76A305B9-CD9E-425C-A532-1EC43191D933}.Debug|Any CPU.Build.0 = Debug|Any CPU
		{76A305B9-CD9E-425C-A532-1EC43191D933}.Release|Any CPU.ActiveCfg = Release|Any CPU
		{76A305B9-CD9E-425C-A532-1EC43191D933}.Release|Any CPU.Build.0 = Release|Any CPU
		{08830AE5-0347-49F9-BE44-D74AEDFA7927}.Debug|Any CPU.ActiveCfg = Debug|Any CPU
		{08830AE5-0347-49F9-BE44-D74AEDFA7927}.Debug|Any CPU.Build.0 = Debug|Any CPU
		{08830AE5-0347-49F9-BE44-D74AEDFA7927}.Release|Any CPU.ActiveCfg = Release|Any CPU
		{08830AE5-0347-49F9-BE44-D74AEDFA7927}.Release|Any CPU.Build.0 = Release|Any CPU
	EndGlobalSection
	GlobalSection(SolutionProperties) = preSolution
		HideSolutionNode = FALSE
	EndGlobalSection
	GlobalSection(NestedProjects) = preSolution
		{76A305B9-CD9E-425C-A532-1EC43191D933} = {BA641F19-B9ED-49C0-9888-27B0C2DC0F05}
		{08830AE5-0347-49F9-BE44-D74AEDFA7927} = {2E3BFBDC-D98C-470C-A979-E0C237DD69AC}
	EndGlobalSection
	GlobalSection(ExtensibilityGlobals) = postSolution
		SolutionGuid = {5F99056D-FB72-46DF-B6D9-7798E0B8BCDF}
	EndGlobalSection
EndGlobal
